
Microsoft Visual Studio Solution File, Format Version 12.00
# Visual Studio Version 16
VisualStudioVersion = 16.0.31005.135
MinimumVisualStudioVersion = 10.0.40219.1
Project("{2150E333-8FDC-42A3-9474-1A3956D46DE8}") = "app", "app", "{861E5467-3F3F-4F5B-A134-54BE7A768509}"
EndProject
Project("{2150E333-8FDC-42A3-9474-1A3956D46DE8}") = "src", "src", "{6614CC99-F50B-4F0E-94A2-A1202C2A99A1}"
EndProject
Project("{2150E333-8FDC-42A3-9474-1A3956D46DE8}") = "test", "test", "{F330DE03-BDB4-4A46-A916-7AA7126DCE06}"
EndProject
Project("{9A19103F-16F7-4668-BE54-9A1E7A4F7556}") = "TinyCardLimits.Migrations", "app\TinyCardLimits.Migrations\TinyCardLimits.Migrations.csproj", "{9041121D-592F-45CB-99C4-66850B0F912F}"
EndProject
Project("{FAE04EC0-301F-11D3-BF4B-00C04F79EFBC}") = "TinyCardLimits.Core.Test", "test\TinyCardLimits.Core.Test\TinyCardLimits.Core.Test.csproj", "{F42D1D1B-5CC9-4C48-9060-4CD00F4910B8}"
EndProject
Project("{9A19103F-16F7-4668-BE54-9A1E7A4F7556}") = "TinyCardLimits.Core", "src\TinyCardLimits.Core\TinyCardLimits.Core.csproj", "{80B46920-F0E0-4B03-922E-788B77B54A2F}"
EndProject
Global
	GlobalSection(SolutionConfigurationPlatforms) = preSolution
		Debug|Any CPU = Debug|Any CPU
		Release|Any CPU = Release|Any CPU
	EndGlobalSection
	GlobalSection(ProjectConfigurationPlatforms) = postSolution
		{9041121D-592F-45CB-99C4-66850B0F912F}.Debug|Any CPU.ActiveCfg = Debug|Any CPU
		{9041121D-592F-45CB-99C4-66850B0F912F}.Debug|Any CPU.Build.0 = Debug|Any CPU
		{9041121D-592F-45CB-99C4-66850B0F912F}.Release|Any CPU.ActiveCfg = Release|Any CPU
		{9041121D-592F-45CB-99C4-66850B0F912F}.Release|Any CPU.Build.0 = Release|Any CPU
		{F42D1D1B-5CC9-4C48-9060-4CD00F4910B8}.Debug|Any CPU.ActiveCfg = Debug|Any CPU
		{F42D1D1B-5CC9-4C48-9060-4CD00F4910B8}.Debug|Any CPU.Build.0 = Debug|Any CPU
		{F42D1D1B-5CC9-4C48-9060-4CD00F4910B8}.Release|Any CPU.ActiveCfg = Release|Any CPU
		{F42D1D1B-5CC9-4C48-9060-4CD00F4910B8}.Release|Any CPU.Build.0 = Release|Any CPU
		{80B46920-F0E0-4B03-922E-788B77B54A2F}.Debug|Any CPU.ActiveCfg = Debug|Any CPU
		{80B46920-F0E0-4B03-922E-788B77B54A2F}.Debug|Any CPU.Build.0 = Debug|Any CPU
		{80B46920-F0E0-4B03-922E-788B77B54A2F}.Release|Any CPU.ActiveCfg = Release|Any CPU
		{80B46920-F0E0-4B03-922E-788B77B54A2F}.Release|Any CPU.Build.0 = Release|Any CPU
	EndGlobalSection
	GlobalSection(SolutionProperties) = preSolution
		HideSolutionNode = FALSE
	EndGlobalSection
	GlobalSection(NestedProjects) = preSolution
		{9041121D-592F-45CB-99C4-66850B0F912F} = {861E5467-3F3F-4F5B-A134-54BE7A768509}
		{F42D1D1B-5CC9-4C48-9060-4CD00F4910B8} = {F330DE03-BDB4-4A46-A916-7AA7126DCE06}
		{80B46920-F0E0-4B03-922E-788B77B54A2F} = {6614CC99-F50B-4F0E-94A2-A1202C2A99A1}
	EndGlobalSection
	GlobalSection(ExtensibilityGlobals) = postSolution
		SolutionGuid = {1EEDB375-6E51-41AB-9BD6-3C0BDD983EBA}
	EndGlobalSection
EndGlobal
